{
  "name": "@superflycss/component-header",
  "version": "2.1.2",
  "lockfileVersion": 1,
  "requires": true,
  "dependencies": {
    "@superflycss/component-body": {
      "version": "1.0.1",
      "resolved": "https://registry.npmjs.org/@superflycss/component-body/-/component-body-1.0.1.tgz",
      "integrity": "sha512-4QEGgOoJjzp7wgHJlHglDkJGxteCX/L/cNLxjLxzgw/gpvzzSxfmObjxhXHG4QwxGMt6giJwUJQtKfJlJKZJFQ==",
      "dev": true
    },
    "@superflycss/component-display": {
      "version": "1.0.2",
      "resolved": "https://registry.npmjs.org/@superflycss/component-display/-/component-display-1.0.2.tgz",
      "integrity": "sha512-KvI/dR9dGHN51vEkOdkobrDA2Uf3ck39jwj1vCDkXBNsGVKtFuQLSEb9UcWRRK96hud6s/HGM4FfX+LCses02g==",
      "dev": true
    },
    "@superflycss/component-test": {
      "version": "2.0.32",
      "resolved": "https://registry.npmjs.org/@superflycss/component-test/-/component-test-2.0.32.tgz",
      "integrity": "sha1-xoF6ABoxAdV+H9HCwMOwgqUsRCU=",
      "dev": true,
      "requires": {
        "@superflycss/variables-fonts": "^2.0.1",
        "@superflycss/variables-layout": "^1.0.3"
      }
    },
    "@superflycss/foundation": {
      "version": "2.0.4",
      "resolved": "https://registry.npmjs.org/@superflycss/foundation/-/foundation-2.0.4.tgz",
      "integrity": "sha512-eCPllZTByRsaUj9GjbV1kbcl9tttZMLhfAV2fdEnsIM7HaOZv4ELwig4Q0Qlza63S4g34e6bBKUtImANYR1uoQ==",
      "dev": true,
      "requires": {
        "@superflycss/utilities-colors": "^3.2.9",
        "@superflycss/variables-fonts": "^3.0.0",
        "normalize.css": "^8.0.0"
      },
      "dependencies": {
        "@superflycss/variables-fonts": {
          "version": "3.0.0",
          "resolved": "https://registry.npmjs.org/@superflycss/variables-fonts/-/variables-fonts-3.0.0.tgz",
          "integrity": "sha512-wkWKEP71kZ1+raqA2Q95rFAaXtMVt2B6H4+MTyc0v1hgdS7MSD6xb6hW1sPPJm86W28oJSTpDog7YQGoFB1xbQ==",
          "dev": true
        }
      }
    },
    "@superflycss/utilities-colors": {
      "version": "3.2.9",
      "resolved": "https://registry.npmjs.org/@superflycss/utilities-colors/-/utilities-colors-3.2.9.tgz",
      "integrity": "sha512-x8sC4sFpHhcfNlOuKtWPGrBaeq26Mo9Zejc1jkWLTcFRhbTH4JDd4F8zV/+u8XoHyLf06guL9m9HEWhor/5BbA=="
    },
    "@superflycss/utilities-fonts": {
      "version": "3.4.0",
      "resolved": "https://registry.npmjs.org/@superflycss/utilities-fonts/-/utilities-fonts-3.4.0.tgz",
      "integrity": "sha512-22+bAWFV+U5FnlxLfY2sdQnIPeYzPMyL5yo3S9M8nFuGZF+rQN7scpp5DIZ1CF1bFXNxaBxvw16Y/HEMdQq9Tw==",
      "dev": true,
      "requires": {
        "@superflycss/variables-fonts": "^3.0.0"
      },
      "dependencies": {
        "@superflycss/variables-fonts": {
          "version": "3.0.0",
          "resolved": "https://registry.npmjs.org/@superflycss/variables-fonts/-/variables-fonts-3.0.0.tgz",
          "integrity": "sha512-wkWKEP71kZ1+raqA2Q95rFAaXtMVt2B6H4+MTyc0v1hgdS7MSD6xb6hW1sPPJm86W28oJSTpDog7YQGoFB1xbQ==",
          "dev": true
        }
      }
    },
    "@superflycss/utilities-format": {
      "version": "1.1.1",
      "resolved": "https://registry.npmjs.org/@superflycss/utilities-format/-/utilities-format-1.1.1.tgz",
      "integrity": "sha512-/iLgZz+vCcNFY9dXdj6LtxbMERNvgERz6oiAh41Ld85WGdZvgyTv28g1tNNpXxkazkheu92h7/61pvNrIF+zvA==",
      "dev": true
    },
    "@superflycss/utilities-layout": {
      "version": "4.0.1",
      "resolved": "https://registry.npmjs.org/@superflycss/utilities-layout/-/utilities-layout-4.0.1.tgz",
      "integrity": "sha512-+npVNfXPjMxUXK3ZsdJ0mHzV8KTP+3et/oJbSS6uMiO6HYPaLmEbi2+ess2uGJ7kFQm8seYvQCZfNxvg9zc4QA==",
      "dev": true,
      "requires": {
        "@superflycss/variables-dimension": "^1.0.1"
      }
    },
    "@superflycss/variables-dimension": {
      "version": "1.0.1",
      "resolved": "https://registry.npmjs.org/@superflycss/variables-dimension/-/variables-dimension-1.0.1.tgz",
      "integrity": "sha512-qBcMiXIX16JJdJKsH3CuEBfk7lcEDObRrJCn71KhVDwte9LOnzk0Z/HomKSNKdWMZKX43m6LNcxvayianl59ew=="
    },
    "@superflycss/variables-fonts": {
      "version": "2.0.2",
      "resolved": "https://registry.npmjs.org/@superflycss/variables-fonts/-/variables-fonts-2.0.2.tgz",
      "integrity": "sha512-Zf7Fl6uUTb16vvUgKGqoqozteUHHfg3cFCPIgAZvgN5gQoc7/YJS8xXcorzkuWwnNCCKu6b90ZLykU+tVFYSUQ==",
      "dev": true
    },
    "@superflycss/variables-layout": {
      "version": "1.0.3",
      "resolved": "https://registry.npmjs.org/@superflycss/variables-layout/-/variables-layout-1.0.3.tgz",
      "integrity": "sha512-SmZR0mwOII/kk2O+kyIR1Rt1l2T00WAoscqaInlZqghMQgeK8i+8/SdzCMMUt4NJiEYnOQJyV31ONohn8EjWFw==",
      "dev": true,
      "requires": {
        "@superflycss/variables-dimension": "^1.0.1"
      }
    },
    "normalize.css": {
      "version": "8.0.1",
      "resolved": "https://registry.npmjs.org/normalize.css/-/normalize.css-8.0.1.tgz",
      "integrity": "sha512-qizSNPO93t1YUuUhP22btGOo3chcvDFqFaj2TRybP0DMxkHOCTYwp3n34fel4a31ORXy4m1Xq0Gyqpb5m33qIg==",
      "dev": true
    }
  }
}
